
Microsoft Visual Studio Solution File, Format Version 12.00
# Visual Studio Version 17
VisualStudioVersion = 17.8.34525.116
MinimumVisualStudioVersion = 10.0.40219.1
Project("{FAE04EC0-301F-11D3-BF4B-00C04F79EFBC}") = "CapaDesconectada", "CapaDesconectada\CapaDesconectada.csproj", "{04898B3D-FB27-45A8-8A5C-7906BD4975FF}"
EndProject
Global
	GlobalSection(SolutionConfigurationPlatforms) = preSolution
		Debug|Any CPU = Debug|Any CPU
		Release|Any CPU = Release|Any CPU
	EndGlobalSection
	GlobalSection(ProjectConfigurationPlatforms) = postSolution
		{04898B3D-FB27-45A8-8A5C-7906BD4975FF}.Debug|Any CPU.ActiveCfg = Debug|Any CPU
		{04898B3D-FB27-45A8-8A5C-7906BD4975FF}.Debug|Any CPU.Build.0 = Debug|Any CPU
		{04898B3D-FB27-45A8-8A5C-7906BD4975FF}.Release|Any CPU.ActiveCfg = Release|Any CPU
		{04898B3D-FB27-45A8-8A5C-7906BD4975FF}.Release|Any CPU.Build.0 = Release|Any CPU
	EndGlobalSection
	GlobalSection(SolutionProperties) = preSolution
		HideSolutionNode = FALSE
	EndGlobalSection
	GlobalSection(ExtensibilityGlobals) = postSolution
		SolutionGuid = {B666D566-50DE-47C6-BD5C-5C0B346CC0AC}
	EndGlobalSection
EndGlobal
